{
  "pins" : [
    {
      "identity" : "charts",
      "kind" : "remoteSourceControl",
      "location" : "https://github.com/danielgindi/Charts",
      "state" : {
        "revision" : "0a229f8c914b0ec93798cee058cf75b339297513",
        "version" : "5.0.0"
      }
    },
    {
      "identity" : "csv.swift",
      "kind" : "remoteSourceControl",
      "location" : "https://github.com/yaslab/CSV.swift",
      "state" : {
        "revision" : "81d2874c51db364d7e1d71b0d99018a294c87ac1",
        "version" : "2.4.3"
      }
    },
    {
      "identity" : "disk",
      "kind" : "remoteSourceControl",
      "location" : "https://github.com/saoudrizwan/Disk.git",
      "state" : {
        "revision" : "b0cb4fdf23e51849cc2460bdc6de795c3bcca99d",
        "version" : "0.6.4"
      }
    },
    {
      "identity" : "floatingpanel",
      "kind" : "remoteSourceControl",
      "location" : "https://github.com/scenee/FloatingPanel",
      "state" : {
        "revision" : "5b33d3d5ff1f50f4a2d64158ccfe8c07b5a3e649",
        "version" : "2.8.1"
      }
    }
  ],
  "version" : 2
}
